
Microsoft Visual Studio Solution File, Format Version 12.00
# Visual Studio Version 17
VisualStudioVersion = 17.13.35617.110
MinimumVisualStudioVersion = 10.0.40219.1
Project("{FAE04EC0-301F-11D3-BF4B-00C04F79EFBC}") = "StatsConsole", "StatsConsole\StatsConsole.csproj", "{C24B37E3-A480-34C0-9AFC-F98379E72352}"
EndProject
Project("{FAE04EC0-301F-11D3-BF4B-00C04F79EFBC}") = "Stats.AppHost", "Stats.AppHost\Stats.AppHost.csproj", "{92451466-F411-4975-B46C-7D6F11E43323}"
EndProject
Project("{FAE04EC0-301F-11D3-BF4B-00C04F79EFBC}") = "Stats.ServiceDefaults", "Stats.ServiceDefaults\Stats.ServiceDefaults.csproj", "{25F45AC5-FB1F-C231-7510-F979EDE0732B}"
EndProject
Project("{FAE04EC0-301F-11D3-BF4B-00C04F79EFBC}") = "StatsInterfaces", "StatsInterfaces\StatsInterfaces.csproj", "{65022E86-C5FE-4465-9E41-BB0BC3E33498}"
EndProject
Project("{FAE04EC0-301F-11D3-BF4B-00C04F79EFBC}") = "StatsObjects", "StatsObjects\StatsObjects.csproj", "{B933D182-EA64-41B3-8E34-E8CB7D17D54A}"
EndProject
Project("{FAE04EC0-301F-11D3-BF4B-00C04F79EFBC}") = "StatsLoadNetFoundation", "StatsLoadNetFoundation\StatsLoadNetFoundation.csproj", "{0D62A799-E165-4819-8B66-E20947C33083}"
EndProject
Project("{FAE04EC0-301F-11D3-BF4B-00C04F79EFBC}") = "Stats.Tests", "Stats.Tests\Stats.Tests.csproj", "{9B5E6D48-10AA-40A8-B145-5405BFC45669}"
EndProject
Project("{FAE04EC0-301F-11D3-BF4B-00C04F79EFBC}") = "Stats.Database", "Stats.Database\Stats.Database.csproj", "{A5101C7F-9835-45F9-99A7-973DCE794F32}"
EndProject
Project("{FAE04EC0-301F-11D3-BF4B-00C04F79EFBC}") = "StatsGetStars", "StatsGetStars\StatsGetStars.csproj", "{34D14BDE-A701-42BC-968A-84335D9B3C4C}"
EndProject
Project("{FAE04EC0-301F-11D3-BF4B-00C04F79EFBC}") = "StatsBlazorUI", "StatsBlazorUI\StatsBlazorUI.csproj", "{7FEE5A37-03AC-84A6-1D6C-6AD2282DB3F7}"
EndProject
Global
	GlobalSection(SolutionConfigurationPlatforms) = preSolution
		Debug|Any CPU = Debug|Any CPU
		Release|Any CPU = Release|Any CPU
	EndGlobalSection
	GlobalSection(ProjectConfigurationPlatforms) = postSolution
		{C24B37E3-A480-34C0-9AFC-F98379E72352}.Debug|Any CPU.ActiveCfg = Debug|Any CPU
		{C24B37E3-A480-34C0-9AFC-F98379E72352}.Debug|Any CPU.Build.0 = Debug|Any CPU
		{C24B37E3-A480-34C0-9AFC-F98379E72352}.Release|Any CPU.ActiveCfg = Release|Any CPU
		{C24B37E3-A480-34C0-9AFC-F98379E72352}.Release|Any CPU.Build.0 = Release|Any CPU
		{92451466-F411-4975-B46C-7D6F11E43323}.Debug|Any CPU.ActiveCfg = Debug|Any CPU
		{92451466-F411-4975-B46C-7D6F11E43323}.Debug|Any CPU.Build.0 = Debug|Any CPU
		{92451466-F411-4975-B46C-7D6F11E43323}.Release|Any CPU.ActiveCfg = Release|Any CPU
		{92451466-F411-4975-B46C-7D6F11E43323}.Release|Any CPU.Build.0 = Release|Any CPU
		{25F45AC5-FB1F-C231-7510-F979EDE0732B}.Debug|Any CPU.ActiveCfg = Debug|Any CPU
		{25F45AC5-FB1F-C231-7510-F979EDE0732B}.Debug|Any CPU.Build.0 = Debug|Any CPU
		{25F45AC5-FB1F-C231-7510-F979EDE0732B}.Release|Any CPU.ActiveCfg = Release|Any CPU
		{25F45AC5-FB1F-C231-7510-F979EDE0732B}.Release|Any CPU.Build.0 = Release|Any CPU
		{65022E86-C5FE-4465-9E41-BB0BC3E33498}.Debug|Any CPU.ActiveCfg = Debug|Any CPU
		{65022E86-C5FE-4465-9E41-BB0BC3E33498}.Debug|Any CPU.Build.0 = Debug|Any CPU
		{65022E86-C5FE-4465-9E41-BB0BC3E33498}.Release|Any CPU.ActiveCfg = Release|Any CPU
		{65022E86-C5FE-4465-9E41-BB0BC3E33498}.Release|Any CPU.Build.0 = Release|Any CPU
		{B933D182-EA64-41B3-8E34-E8CB7D17D54A}.Debug|Any CPU.ActiveCfg = Debug|Any CPU
		{B933D182-EA64-41B3-8E34-E8CB7D17D54A}.Debug|Any CPU.Build.0 = Debug|Any CPU
		{B933D182-EA64-41B3-8E34-E8CB7D17D54A}.Release|Any CPU.ActiveCfg = Release|Any CPU
		{B933D182-EA64-41B3-8E34-E8CB7D17D54A}.Release|Any CPU.Build.0 = Release|Any CPU
		{0D62A799-E165-4819-8B66-E20947C33083}.Debug|Any CPU.ActiveCfg = Debug|Any CPU
		{0D62A799-E165-4819-8B66-E20947C33083}.Debug|Any CPU.Build.0 = Debug|Any CPU
		{0D62A799-E165-4819-8B66-E20947C33083}.Release|Any CPU.ActiveCfg = Release|Any CPU
		{0D62A799-E165-4819-8B66-E20947C33083}.Release|Any CPU.Build.0 = Release|Any CPU
		{9B5E6D48-10AA-40A8-B145-5405BFC45669}.Debug|Any CPU.ActiveCfg = Debug|Any CPU
		{9B5E6D48-10AA-40A8-B145-5405BFC45669}.Debug|Any CPU.Build.0 = Debug|Any CPU
		{9B5E6D48-10AA-40A8-B145-5405BFC45669}.Release|Any CPU.ActiveCfg = Release|Any CPU
		{9B5E6D48-10AA-40A8-B145-5405BFC45669}.Release|Any CPU.Build.0 = Release|Any CPU
		{A5101C7F-9835-45F9-99A7-973DCE794F32}.Debug|Any CPU.ActiveCfg = Debug|Any CPU
		{A5101C7F-9835-45F9-99A7-973DCE794F32}.Debug|Any CPU.Build.0 = Debug|Any CPU
		{A5101C7F-9835-45F9-99A7-973DCE794F32}.Release|Any CPU.ActiveCfg = Release|Any CPU
		{A5101C7F-9835-45F9-99A7-973DCE794F32}.Release|Any CPU.Build.0 = Release|Any CPU
		{34D14BDE-A701-42BC-968A-84335D9B3C4C}.Debug|Any CPU.ActiveCfg = Debug|Any CPU
		{34D14BDE-A701-42BC-968A-84335D9B3C4C}.Debug|Any CPU.Build.0 = Debug|Any CPU
		{34D14BDE-A701-42BC-968A-84335D9B3C4C}.Release|Any CPU.ActiveCfg = Release|Any CPU
		{34D14BDE-A701-42BC-968A-84335D9B3C4C}.Release|Any CPU.Build.0 = Release|Any CPU
		{7FEE5A37-03AC-84A6-1D6C-6AD2282DB3F7}.Debug|Any CPU.ActiveCfg = Debug|Any CPU
		{7FEE5A37-03AC-84A6-1D6C-6AD2282DB3F7}.Debug|Any CPU.Build.0 = Debug|Any CPU
		{7FEE5A37-03AC-84A6-1D6C-6AD2282DB3F7}.Release|Any CPU.ActiveCfg = Release|Any CPU
		{7FEE5A37-03AC-84A6-1D6C-6AD2282DB3F7}.Release|Any CPU.Build.0 = Release|Any CPU
	EndGlobalSection
	GlobalSection(SolutionProperties) = preSolution
		HideSolutionNode = FALSE
	EndGlobalSection
	GlobalSection(ExtensibilityGlobals) = postSolution
		SolutionGuid = {C06F73BE-10E0-4F15-9ECF-0B31E0D32780}
	EndGlobalSection
EndGlobal
